// !$*UTF8*$!
{
	archiveVersion = 1;
	classes = {
	};
	objectVersion = 56;
	objects = {

/* Begin PBXBuildFile section */
		A92777CE29B0770E00D24E08 /* OnboardingViewController.swift in Sources */ = {isa = PBXBuildFile; fileRef = A92777CD29B0770E00D24E08 /* OnboardingViewController.swift */; };
		A92C3B0B29C2C3A400A3305E /* Translate.swift in Sources */ = {isa = PBXBuildFile; fileRef = A92C3B0A29C2C3A400A3305E /* Translate.swift */; };
		A92C3B0F29C9A18C00A3305E /* dataManager.swift in Sources */ = {isa = PBXBuildFile; fileRef = A92C3B0E29C9A18C00A3305E /* dataManager.swift */; };
		A96718D329ABD7D70086194F /* signsViewController.swift in Sources */ = {isa = PBXBuildFile; fileRef = A96718D229ABD7D70086194F /* signsViewController.swift */; };
		A9DF934229B1AE9B005D335C /* GalleryViewController.swift in Sources */ = {isa = PBXBuildFile; fileRef = A9DF934129B1AE9B005D335C /* GalleryViewController.swift */; };
		A9DF934429B1B6B6005D335C /* GalleryCell.swift in Sources */ = {isa = PBXBuildFile; fileRef = A9DF934329B1B6B6005D335C /* GalleryCell.swift */; };
		A9E94FD229AB858800A6F451 /* AppDelegate.swift in Sources */ = {isa = PBXBuildFile; fileRef = A9E94FD129AB858800A6F451 /* AppDelegate.swift */; };
		A9E94FD429AB858800A6F451 /* SceneDelegate.swift in Sources */ = {isa = PBXBuildFile; fileRef = A9E94FD329AB858800A6F451 /* SceneDelegate.swift */; };
		A9E94FD929AB858800A6F451 /* Main.storyboard in Resources */ = {isa = PBXBuildFile; fileRef = A9E94FD729AB858800A6F451 /* Main.storyboard */; };
		A9E94FDB29AB858900A6F451 /* Assets.xcassets in Resources */ = {isa = PBXBuildFile; fileRef = A9E94FDA29AB858900A6F451 /* Assets.xcassets */; };
		A9E94FDE29AB858900A6F451 /* LaunchScreen.storyboard in Resources */ = {isa = PBXBuildFile; fileRef = A9E94FDC29AB858900A6F451 /* LaunchScreen.storyboard */; };
		A9E94FE629ABC03C00A6F451 /* TranslateViewController.swift in Sources */ = {isa = PBXBuildFile; fileRef = A9E94FE529ABC03C00A6F451 /* TranslateViewController.swift */; };
		A9E94FE829ABC32000A6F451 /* backwardsTranslateViewController.swift in Sources */ = {isa = PBXBuildFile; fileRef = A9E94FE729ABC32000A6F451 /* backwardsTranslateViewController.swift */; };
/* End PBXBuildFile section */

/* Begin PBXFileReference section */
		A92777CD29B0770E00D24E08 /* OnboardingViewController.swift */ = {isa = PBXFileReference; lastKnownFileType = sourcecode.swift; path = OnboardingViewController.swift; sourceTree = "<group>"; };
		A92C3B0A29C2C3A400A3305E /* Translate.swift */ = {isa = PBXFileReference; lastKnownFileType = sourcecode.swift; path = Translate.swift; sourceTree = "<group>"; };
		A92C3B0E29C9A18C00A3305E /* dataManager.swift */ = {isa = PBXFileReference; lastKnownFileType = sourcecode.swift; path = dataManager.swift; sourceTree = "<group>"; };
		A96718D229ABD7D70086194F /* signsViewController.swift */ = {isa = PBXFileReference; lastKnownFileType = sourcecode.swift; path = signsViewController.swift; sourceTree = "<group>"; };
		A9DF934129B1AE9B005D335C /* GalleryViewController.swift */ = {isa = PBXFileReference; lastKnownFileType = sourcecode.swift; path = GalleryViewController.swift; sourceTree = "<group>"; };
		A9DF934329B1B6B6005D335C /* GalleryCell.swift */ = {isa = PBXFileReference; lastKnownFileType = sourcecode.swift; path = GalleryCell.swift; sourceTree = "<group>"; };
		A9E94FCE29AB858800A6F451 /* TalkingSigns.app */ = {isa = PBXFileReference; explicitFileType = wrapper.application; includeInIndex = 0; path = TalkingSigns.app; sourceTree = BUILT_PRODUCTS_DIR; };
		A9E94FD129AB858800A6F451 /* AppDelegate.swift */ = {isa = PBXFileReference; lastKnownFileType = sourcecode.swift; path = AppDelegate.swift; sourceTree = "<group>"; };
		A9E94FD329AB858800A6F451 /* SceneDelegate.swift */ = {isa = PBXFileReference; lastKnownFileType = sourcecode.swift; path = SceneDelegate.swift; sourceTree = "<group>"; };
		A9E94FD829AB858800A6F451 /* Base */ = {isa = PBXFileReference; lastKnownFileType = file.storyboard; name = Base; path = Base.lproj/Main.storyboard; sourceTree = "<group>"; };
		A9E94FDA29AB858900A6F451 /* Assets.xcassets */ = {isa = PBXFileReference; lastKnownFileType = folder.assetcatalog; path = Assets.xcassets; sourceTree = "<group>"; };
		A9E94FDD29AB858900A6F451 /* Base */ = {isa = PBXFileReference; lastKnownFileType = file.storyboard; name = Base; path = Base.lproj/LaunchScreen.storyboard; sourceTree = "<group>"; };
		A9E94FDF29AB858900A6F451 /* Info.plist */ = {isa = PBXFileReference; lastKnownFileType = text.plist.xml; path = Info.plist; sourceTree = "<group>"; };
		A9E94FE529ABC03C00A6F451 /* TranslateViewController.swift */ = {isa = PBXFileReference; lastKnownFileType = sourcecode.swift; path = TranslateViewController.swift; sourceTree = "<group>"; };
		A9E94FE729ABC32000A6F451 /* backwardsTranslateViewController.swift */ = {isa = PBXFileReference; lastKnownFileType = sourcecode.swift; path = backwardsTranslateViewController.swift; sourceTree = "<group>"; };
/* End PBXFileReference section */

/* Begin PBXFrameworksBuildPhase section */
		A9E94FCB29AB858800A6F451 /* Frameworks */ = {
			isa = PBXFrameworksBuildPhase;
			buildActionMask = 2147483647;
			files = (
			);
			runOnlyForDeploymentPostprocessing = 0;
		};
/* End PBXFrameworksBuildPhase section */

/* Begin PBXGroup section */
		A92C3B0929C2C38F00A3305E /* Data structs */ = {
			isa = PBXGroup;
			children = (
				A92C3B0A29C2C3A400A3305E /* Translate.swift */,
				A92C3B0E29C9A18C00A3305E /* dataManager.swift */,
			);
			path = "Data structs";
			sourceTree = "<group>";
		};
		A9E94FC529AB858800A6F451 = {
			isa = PBXGroup;
			children = (
				A9E94FD029AB858800A6F451 /* TalkingSigns */,
				A9E94FCF29AB858800A6F451 /* Products */,
			);
			sourceTree = "<group>";
		};
		A9E94FCF29AB858800A6F451 /* Products */ = {
			isa = PBXGroup;
			children = (
				A9E94FCE29AB858800A6F451 /* TalkingSigns.app */,
			);
			name = Products;
			sourceTree = "<group>";
		};
		A9E94FD029AB858800A6F451 /* TalkingSigns */ = {
			isa = PBXGroup;
			children = (
				A92C3B0929C2C38F00A3305E /* Data structs */,
				A9E94FD129AB858800A6F451 /* AppDelegate.swift */,
				A9E94FD329AB858800A6F451 /* SceneDelegate.swift */,
				A9E94FE729ABC32000A6F451 /* backwardsTranslateViewController.swift */,
				A9E94FE529ABC03C00A6F451 /* TranslateViewController.swift */,
				A96718D229ABD7D70086194F /* signsViewController.swift */,
				A92777CD29B0770E00D24E08 /* OnboardingViewController.swift */,
				A9E94FD729AB858800A6F451 /* Main.storyboard */,
				A9E94FDA29AB858900A6F451 /* Assets.xcassets */,
				A9E94FDC29AB858900A6F451 /* LaunchScreen.storyboard */,
				A9E94FDF29AB858900A6F451 /* Info.plist */,
				A9DF934129B1AE9B005D335C /* GalleryViewController.swift */,
				A9DF934329B1B6B6005D335C /* GalleryCell.swift */,
			);
			path = TalkingSigns;
			sourceTree = "<group>";
		};
/* End PBXGroup section */

/* Begin PBXNativeTarget section */
		A9E94FCD29AB858800A6F451 /* TalkingSigns */ = {
			isa = PBXNativeTarget;
			buildConfigurationList = A9E94FE229AB858900A6F451 /* Build configuration list for PBXNativeTarget "TalkingSigns" */;
			buildPhases = (
				A9E94FCA29AB858800A6F451 /* Sources */,
				A9E94FCB29AB858800A6F451 /* Frameworks */,
				A9E94FCC29AB858800A6F451 /* Resources */,
			);
			buildRules = (
			);
			dependencies = (
			);
			name = TalkingSigns;
			productName = TalkingSigns;
			productReference = A9E94FCE29AB858800A6F451 /* TalkingSigns.app */;
			productType = "com.apple.product-type.application";
		};
/* End PBXNativeTarget section */

/* Begin PBXProject section */
		A9E94FC629AB858800A6F451 /* Project object */ = {
			isa = PBXProject;
			attributes = {
				BuildIndependentTargetsInParallel = 1;
				LastSwiftUpdateCheck = 1420;
				LastUpgradeCheck = 1420;
				TargetAttributes = {
					A9E94FCD29AB858800A6F451 = {
						CreatedOnToolsVersion = 14.2;
					};
				};
			};
			buildConfigurationList = A9E94FC929AB858800A6F451 /* Build configuration list for PBXProject "TalkingSigns" */;
			compatibilityVersion = "Xcode 14.0";
			developmentRegion = en;
			hasScannedForEncodings = 0;
			knownRegions = (
				en,
				Base,
			);
			mainGroup = A9E94FC529AB858800A6F451;
			productRefGroup = A9E94FCF29AB858800A6F451 /* Products */;
			projectDirPath = "";
			projectRoot = "";
			targets = (
				A9E94FCD29AB858800A6F451 /* TalkingSigns */,
			);
		};
/* End PBXProject section */

/* Begin PBXResourcesBuildPhase section */
		A9E94FCC29AB858800A6F451 /* Resources */ = {
			isa = PBXResourcesBuildPhase;
			buildActionMask = 2147483647;
			files = (
				A9E94FDE29AB858900A6F451 /* LaunchScreen.storyboard in Resources */,
				A9E94FDB29AB858900A6F451 /* Assets.xcassets in Resources */,
				A9E94FD929AB858800A6F451 /* Main.storyboard in Resources */,
			);
			runOnlyForDeploymentPostprocessing = 0;
		};
/* End PBXResourcesBuildPhase section */

/* Begin PBXSourcesBuildPhase section */
		A9E94FCA29AB858800A6F451 /* Sources */ = {
			isa = PBXSourcesBuildPhase;
			buildActionMask = 2147483647;
			files = (
				A9E94FE829ABC32000A6F451 /* backwardsTranslateViewController.swift in Sources */,
				A9DF934229B1AE9B005D335C /* GalleryViewController.swift in Sources */,
				A9E94FE629ABC03C00A6F451 /* TranslateViewController.swift in Sources */,
				A96718D329ABD7D70086194F /* signsViewController.swift in Sources */,
				A92C3B0B29C2C3A400A3305E /* Translate.swift in Sources */,
				A9DF934429B1B6B6005D335C /* GalleryCell.swift in Sources */,
				A92777CE29B0770E00D24E08 /* OnboardingViewController.swift in Sources */,
				A92C3B0F29C9A18C00A3305E /* dataManager.swift in Sources */,
				A9E94FD229AB858800A6F451 /* AppDelegate.swift in Sources */,
				A9E94FD429AB858800A6F451 /* SceneDelegate.swift in Sources */,
			);
			runOnlyForDeploymentPostprocessing = 0;
		};
/* End PBXSourcesBuildPhase section */

/* Begin PBXVariantGroup section */
		A9E94FD729AB858800A6F451 /* Main.storyboard */ = {
			isa = PBXVariantGroup;
			children = (
				A9E94FD829AB858800A6F451 /* Base */,
			);
			name = Main.storyboard;
			sourceTree = "<group>";
		};
		A9E94FDC29AB858900A6F451 /* LaunchScreen.storyboard */ = {
			isa = PBXVariantGroup;
			children = (
				A9E94FDD29AB858900A6F451 /* Base */,
			);
			name = LaunchScreen.storyboard;
			sourceTree = "<group>";
		};
/* End PBXVariantGroup section */

/* Begin XCBuildConfiguration section */
		A9E94FE029AB858900A6F451 /* Debug */ = {
			isa = XCBuildConfiguration;
			buildSettings = {
				ALWAYS_SEARCH_USER_PATHS = NO;
				CLANG_ANALYZER_NONNULL = YES;
				CLANG_ANALYZER_NUMBER_OBJECT_CONVERSION = YES_AGGRESSIVE;
				CLANG_CXX_LANGUAGE_STANDARD = "gnu++20";
				CLANG_ENABLE_MODULES = YES;
				CLANG_ENABLE_OBJC_ARC = YES;
				CLANG_ENABLE_OBJC_WEAK = YES;
				CLANG_WARN_BLOCK_CAPTURE_AUTORELEASING = YES;
				CLANG_WARN_BOOL_CONVERSION = YES;
				CLANG_WARN_COMMA = YES;
				CLANG_WARN_CONSTANT_CONVERSION = YES;
				CLANG_WARN_DEPRECATED_OBJC_IMPLEMENTATIONS = YES;
				CLANG_WARN_DIRECT_OBJC_ISA_USAGE = YES_ERROR;
				CLANG_WARN_DOCUMENTATION_COMMENTS = YES;
				CLANG_WARN_EMPTY_BODY = YES;
				CLANG_WARN_ENUM_CONVERSION = YES;
				CLANG_WARN_INFINITE_RECURSION = YES;
				CLANG_WARN_INT_CONVERSION = YES;
				CLANG_WARN_NON_LITERAL_NULL_CONVERSION = YES;
				CLANG_WARN_OBJC_IMPLICIT_RETAIN_SELF = YES;
				CLANG_WARN_OBJC_LITERAL_CONVERSION = YES;
				CLANG_WARN_OBJC_ROOT_CLASS = YES_ERROR;
				CLANG_WARN_QUOTED_INCLUDE_IN_FRAMEWORK_HEADER = YES;
				CLANG_WARN_RANGE_LOOP_ANALYSIS = YES;
				CLANG_WARN_STRICT_PROTOTYPES = YES;
				CLANG_WARN_SUSPICIOUS_MOVE = YES;
				CLANG_WARN_UNGUARDED_AVAILABILITY = YES_AGGRESSIVE;
				CLANG_WARN_UNREACHABLE_CODE = YES;
				CLANG_WARN__DUPLICATE_METHOD_MATCH = YES;
				COPY_PHASE_STRIP = NO;
				DEBUG_INFORMATION_FORMAT = dwarf;
				ENABLE_STRICT_OBJC_MSGSEND = YES;
				ENABLE_TESTABILITY = YES;
				GCC_C_LANGUAGE_STANDARD = gnu11;
				GCC_DYNAMIC_NO_PIC = NO;
				GCC_NO_COMMON_BLOCKS = YES;
				GCC_OPTIMIZATION_LEVEL = 0;
				GCC_PREPROCESSOR_DEFINITIONS = (
					"DEBUG=1",
					"$(inherited)",
				);
				GCC_WARN_64_TO_32_BIT_CONVERSION = YES;
				GCC_WARN_ABOUT_RETURN_TYPE = YES_ERROR;
				GCC_WARN_UNDECLARED_SELECTOR = YES;
				GCC_WARN_UNINITIALIZED_AUTOS = YES_AGGRESSIVE;
				GCC_WARN_UNUSED_FUNCTION = YES;
				GCC_WARN_UNUSED_VARIABLE = YES;
				IPHONEOS_DEPLOYMENT_TARGET = 16.2;
				MTL_ENABLE_DEBUG_INFO = INCLUDE_SOURCE;
				MTL_FAST_MATH = YES;
				ONLY_ACTIVE_ARCH = YES;
				SDKROOT = iphoneos;
				SWIFT_ACTIVE_COMPILATION_CONDITIONS = DEBUG;
				SWIFT_OPTIMIZATION_LEVEL = "-Onone";
			};
			name = Debug;
		};
		A9E94FE129AB858900A6F451 /* Release */ = {
			isa = XCBuildConfiguration;
			buildSettings = {
				ALWAYS_SEARCH_USER_PATHS = NO;
				CLANG_ANALYZER_NONNULL = YES;
				CLANG_ANALYZER_NUMBER_OBJECT_CONVERSION = YES_AGGRESSIVE;
				CLANG_CXX_LANGUAGE_STANDARD = "gnu++20";
				CLANG_ENABLE_MODULES = YES;
				CLANG_ENABLE_OBJC_ARC = YES;
				CLANG_ENABLE_OBJC_WEAK = YES;
				CLANG_WARN_BLOCK_CAPTURE_AUTORELEASING = YES;
				CLANG_WARN_BOOL_CONVERSION = YES;
				CLANG_WARN_COMMA = YES;
				CLANG_WARN_CONSTANT_CONVERSION = YES;
				CLANG_WARN_DEPRECATED_OBJC_IMPLEMENTATIONS = YES;
				CLANG_WARN_DIRECT_OBJC_ISA_USAGE = YES_ERROR;
				CLANG_WARN_DOCUMENTATION_COMMENTS = YES;
				CLANG_WARN_EMPTY_BODY = YES;
				CLANG_WARN_ENUM_CONVERSION = YES;
				CLANG_WARN_INFINITE_RECURSION = YES;
				CLANG_WARN_INT_CONVERSION = YES;
				CLANG_WARN_NON_LITERAL_NULL_CONVERSION = YES;
				CLANG_WARN_OBJC_IMPLICIT_RETAIN_SELF = YES;
				CLANG_WARN_OBJC_LITERAL_CONVERSION = YES;
				CLANG_WARN_OBJC_ROOT_CLASS = YES_ERROR;
				CLANG_WARN_QUOTED_INCLUDE_IN_FRAMEWORK_HEADER = YES;
				CLANG_WARN_RANGE_LOOP_ANALYSIS = YES;
				CLANG_WARN_STRICT_PROTOTYPES = YES;
				CLANG_WARN_SUSPICIOUS_MOVE = YES;
				CLANG_WARN_UNGUARDED_AVAILABILITY = YES_AGGRESSIVE;
				CLANG_WARN_UNREACHABLE_CODE = YES;
				CLANG_WARN__DUPLICATE_METHOD_MATCH = YES;
				COPY_PHASE_STRIP = NO;
				DEBUG_INFORMATION_FORMAT = "dwarf-with-dsym";
				ENABLE_NS_ASSERTIONS = NO;
				ENABLE_STRICT_OBJC_MSGSEND = YES;
				GCC_C_LANGUAGE_STANDARD = gnu11;
				GCC_NO_COMMON_BLOCKS = YES;
				GCC_WARN_64_TO_32_BIT_CONVERSION = YES;
				GCC_WARN_ABOUT_RETURN_TYPE = YES_ERROR;
				GCC_WARN_UNDECLARED_SELECTOR = YES;
				GCC_WARN_UNINITIALIZED_AUTOS = YES_AGGRESSIVE;
				GCC_WARN_UNUSED_FUNCTION = YES;
				GCC_WARN_UNUSED_VARIABLE = YES;
				IPHONEOS_DEPLOYMENT_TARGET = 16.2;
				MTL_ENABLE_DEBUG_INFO = NO;
				MTL_FAST_MATH = YES;
				SDKROOT = iphoneos;
				SWIFT_COMPILATION_MODE = wholemodule;
				SWIFT_OPTIMIZATION_LEVEL = "-O";
				VALIDATE_PRODUCT = YES;
			};
			name = Release;
		};
		A9E94FE329AB858900A6F451 /* Debug */ = {
			isa = XCBuildConfiguration;
			buildSettings = {
				ASSETCATALOG_COMPILER_APPICON_NAME = AppIcon;
				ASSETCATALOG_COMPILER_GLOBAL_ACCENT_COLOR_NAME = AccentColor;
				CODE_SIGN_STYLE = Automatic;
				CURRENT_PROJECT_VERSION = 1;
				GENERATE_INFOPLIST_FILE = YES;
				INFOPLIST_FILE = TalkingSigns/Info.plist;
				INFOPLIST_KEY_UIApplicationSupportsIndirectInputEvents = YES;
				INFOPLIST_KEY_UILaunchStoryboardName = LaunchScreen;
				INFOPLIST_KEY_UIMainStoryboardFile = Main;
				INFOPLIST_KEY_UISupportedInterfaceOrientations_iPad = "UIInterfaceOrientationPortrait UIInterfaceOrientationPortraitUpsideDown UIInterfaceOrientationLandscapeLeft UIInterfaceOrientationLandscapeRight";
				INFOPLIST_KEY_UISupportedInterfaceOrientations_iPhone = "UIInterfaceOrientationPortrait UIInterfaceOrientationLandscapeLeft UIInterfaceOrientationLandscapeRight";
				LD_RUNPATH_SEARCH_PATHS = (
					"$(inherited)",
					"@executable_path/Frameworks",
				);
				MARKETING_VERSION = 1.0;
				PRODUCT_BUNDLE_IDENTIFIER = in.edu.srmist.TalkingSigns;
				PRODUCT_NAME = "$(TARGET_NAME)";
				SWIFT_EMIT_LOC_STRINGS = YES;
				SWIFT_VERSION = 5.0;
				TARGETED_DEVICE_FAMILY = "1,2";
			};
			name = Debug;
		};
		A9E94FE429AB858900A6F451 /* Release */ = {
			isa = XCBuildConfiguration;
			buildSettings = {
				ASSETCATALOG_COMPILER_APPICON_NAME = AppIcon;
				ASSETCATALOG_COMPILER_GLOBAL_ACCENT_COLOR_NAME = AccentColor;
				CODE_SIGN_STYLE = Automatic;
				CURRENT_PROJECT_VERSION = 1;
				GENERATE_INFOPLIST_FILE = YES;
				INFOPLIST_FILE = TalkingSigns/Info.plist;
				INFOPLIST_KEY_UIApplicationSupportsIndirectInputEvents = YES;
				INFOPLIST_KEY_UILaunchStoryboardName = LaunchScreen;
				INFOPLIST_KEY_UIMainStoryboardFile = Main;
				INFOPLIST_KEY_UISupportedInterfaceOrientations_iPad = "UIInterfaceOrientationPortrait UIInterfaceOrientationPortraitUpsideDown UIInterfaceOrientationLandscapeLeft UIInterfaceOrientationLandscapeRight";
				INFOPLIST_KEY_UISupportedInterfaceOrientations_iPhone = "UIInterfaceOrientationPortrait UIInterfaceOrientationLandscapeLeft UIInterfaceOrientationLandscapeRight";
				LD_RUNPATH_SEARCH_PATHS = (
					"$(inherited)",
					"@executable_path/Frameworks",
				);
				MARKETING_VERSION = 1.0;
				PRODUCT_BUNDLE_IDENTIFIER = in.edu.srmist.TalkingSigns;
				PRODUCT_NAME = "$(TARGET_NAME)";
				SWIFT_EMIT_LOC_STRINGS = YES;
				SWIFT_VERSION = 5.0;
				TARGETED_DEVICE_FAMILY = "1,2";
			};
			name = Release;
		};
/* End XCBuildConfiguration section */

/* Begin XCConfigurationList section */
		A9E94FC929AB858800A6F451 /* Build configuration list for PBXProject "TalkingSigns" */ = {
			isa = XCConfigurationList;
			buildConfigurations = (
				A9E94FE029AB858900A6F451 /* Debug */,
				A9E94FE129AB858900A6F451 /* Release */,
			);
			defaultConfigurationIsVisible = 0;
			defaultConfigurationName = Release;
		};
		A9E94FE229AB858900A6F451 /* Build configuration list for PBXNativeTarget "TalkingSigns" */ = {
			isa = XCConfigurationList;
			buildConfigurations = (
				A9E94FE329AB858900A6F451 /* Debug */,
				A9E94FE429AB858900A6F451 /* Release */,
			);
			defaultConfigurationIsVisible = 0;
			defaultConfigurationName = Release;
		};
/* End XCConfigurationList section */
	};
	rootObject = A9E94FC629AB858800A6F451 /* Project object */;
}
